
Microsoft Visual Studio Solution File, Format Version 12.00
Project("{FAE04EC0-301F-11D3-BF4B-00C04F79EFBC}") = "WonderFood.Worker", "src\WonderFood.Worker\WonderFood.Worker.csproj", "{6AD46DAF-DBC8-4505-988F-25FDACCDD740}"
EndProject
Project("{2150E333-8FDC-42A3-9474-1A3956D46DE8}") = "Core", "Core", "{3F008ECB-9AD0-495B-B9DF-03CA5AA787AC}"
EndProject
Project("{2150E333-8FDC-42A3-9474-1A3956D46DE8}") = "Infrastructure", "Infrastructure", "{35FCBD30-42A3-4D1D-8898-2F174E3ACF97}"
EndProject
Project("{2150E333-8FDC-42A3-9474-1A3956D46DE8}") = "External", "External", "{ED7DCE50-4E9F-4130-8E62-F44BCBDA7E87}"
EndProject
Project("{2150E333-8FDC-42A3-9474-1A3956D46DE8}") = "Solution Items", "Solution Items", "{880FCD5F-D216-4F02-854D-5B4A6AA7CD17}"
	ProjectSection(SolutionItems) = preProject
		Dockerfile = Dockerfile
		.dockerignore = .dockerignore
	EndProjectSection
EndProject
Project("{FAE04EC0-301F-11D3-BF4B-00C04F79EFBC}") = "WonderFood.Domain", "src\WonderFood.Domain\WonderFood.Domain.csproj", "{05A53109-7C7D-4917-B8CB-1BD2F4903E52}"
EndProject
Project("{FAE04EC0-301F-11D3-BF4B-00C04F79EFBC}") = "WonderFood.Application", "src\WonderFood.Application\WonderFood.Application.csproj", "{0E3BA446-F473-4AE7-859A-29D584ED842C}"
EndProject
Project("{FAE04EC0-301F-11D3-BF4B-00C04F79EFBC}") = "WonderFood.ExternalServices", "src\WonderFood.ExternalServices\WonderFood.ExternalServices.csproj", "{E430E4D7-FA95-4C83-B655-79B457BBC958}"
EndProject
Project("{FAE04EC0-301F-11D3-BF4B-00C04F79EFBC}") = "WonderFood.MySql", "src\WonderFood.MySql\WonderFood.MySql.csproj", "{E791D739-CE75-4844-9BDF-E0680FCAB77E}"
EndProject
Project("{FAE04EC0-301F-11D3-BF4B-00C04F79EFBC}") = "WonderFood.WebApi", "src\WonderFood.WebApi\WonderFood.WebApi.csproj", "{1171DF70-AD78-417D-8C4E-4052CDC5BF09}"
EndProject
Global
	GlobalSection(SolutionConfigurationPlatforms) = preSolution
		Debug|Any CPU = Debug|Any CPU
		Release|Any CPU = Release|Any CPU
	EndGlobalSection
	GlobalSection(ProjectConfigurationPlatforms) = postSolution
		{6AD46DAF-DBC8-4505-988F-25FDACCDD740}.Debug|Any CPU.ActiveCfg = Debug|Any CPU
		{6AD46DAF-DBC8-4505-988F-25FDACCDD740}.Debug|Any CPU.Build.0 = Debug|Any CPU
		{6AD46DAF-DBC8-4505-988F-25FDACCDD740}.Release|Any CPU.ActiveCfg = Release|Any CPU
		{6AD46DAF-DBC8-4505-988F-25FDACCDD740}.Release|Any CPU.Build.0 = Release|Any CPU
		{05A53109-7C7D-4917-B8CB-1BD2F4903E52}.Debug|Any CPU.ActiveCfg = Debug|Any CPU
		{05A53109-7C7D-4917-B8CB-1BD2F4903E52}.Debug|Any CPU.Build.0 = Debug|Any CPU
		{05A53109-7C7D-4917-B8CB-1BD2F4903E52}.Release|Any CPU.ActiveCfg = Release|Any CPU
		{05A53109-7C7D-4917-B8CB-1BD2F4903E52}.Release|Any CPU.Build.0 = Release|Any CPU
		{0E3BA446-F473-4AE7-859A-29D584ED842C}.Debug|Any CPU.ActiveCfg = Debug|Any CPU
		{0E3BA446-F473-4AE7-859A-29D584ED842C}.Debug|Any CPU.Build.0 = Debug|Any CPU
		{0E3BA446-F473-4AE7-859A-29D584ED842C}.Release|Any CPU.ActiveCfg = Release|Any CPU
		{0E3BA446-F473-4AE7-859A-29D584ED842C}.Release|Any CPU.Build.0 = Release|Any CPU
		{E430E4D7-FA95-4C83-B655-79B457BBC958}.Debug|Any CPU.ActiveCfg = Debug|Any CPU
		{E430E4D7-FA95-4C83-B655-79B457BBC958}.Debug|Any CPU.Build.0 = Debug|Any CPU
		{E430E4D7-FA95-4C83-B655-79B457BBC958}.Release|Any CPU.ActiveCfg = Release|Any CPU
		{E430E4D7-FA95-4C83-B655-79B457BBC958}.Release|Any CPU.Build.0 = Release|Any CPU
		{E791D739-CE75-4844-9BDF-E0680FCAB77E}.Debug|Any CPU.ActiveCfg = Debug|Any CPU
		{E791D739-CE75-4844-9BDF-E0680FCAB77E}.Debug|Any CPU.Build.0 = Debug|Any CPU
		{E791D739-CE75-4844-9BDF-E0680FCAB77E}.Release|Any CPU.ActiveCfg = Release|Any CPU
		{E791D739-CE75-4844-9BDF-E0680FCAB77E}.Release|Any CPU.Build.0 = Release|Any CPU
		{1171DF70-AD78-417D-8C4E-4052CDC5BF09}.Debug|Any CPU.ActiveCfg = Debug|Any CPU
		{1171DF70-AD78-417D-8C4E-4052CDC5BF09}.Debug|Any CPU.Build.0 = Debug|Any CPU
		{1171DF70-AD78-417D-8C4E-4052CDC5BF09}.Release|Any CPU.ActiveCfg = Release|Any CPU
		{1171DF70-AD78-417D-8C4E-4052CDC5BF09}.Release|Any CPU.Build.0 = Release|Any CPU
	EndGlobalSection
	GlobalSection(NestedProjects) = preSolution
		{6AD46DAF-DBC8-4505-988F-25FDACCDD740} = {ED7DCE50-4E9F-4130-8E62-F44BCBDA7E87}
		{05A53109-7C7D-4917-B8CB-1BD2F4903E52} = {3F008ECB-9AD0-495B-B9DF-03CA5AA787AC}
		{0E3BA446-F473-4AE7-859A-29D584ED842C} = {3F008ECB-9AD0-495B-B9DF-03CA5AA787AC}
		{E430E4D7-FA95-4C83-B655-79B457BBC958} = {35FCBD30-42A3-4D1D-8898-2F174E3ACF97}
		{E791D739-CE75-4844-9BDF-E0680FCAB77E} = {35FCBD30-42A3-4D1D-8898-2F174E3ACF97}
		{1171DF70-AD78-417D-8C4E-4052CDC5BF09} = {ED7DCE50-4E9F-4130-8E62-F44BCBDA7E87}
	EndGlobalSection
EndGlobal
